
Microsoft Visual Studio Solution File, Format Version 12.00
# Visual Studio Version 16
VisualStudioVersion = 16.0.34031.81
MinimumVisualStudioVersion = 10.0.40219.1
Project("{2150E333-8FDC-42A3-9474-1A3956D46DE8}") = "Task0", "Task0", "{B12D2618-0BB5-4E2D-A9FC-07848C1AE305}"
EndProject
Project("{FAE04EC0-301F-11D3-BF4B-00C04F79EFBC}") = "Tyuiu.FedorenkoKS.Sprint0.Task0.V0", "Tyuiu.FedorenkoKS.Sprint0.Task0.V0\Tyuiu.FedorenkoKS.Sprint0.Task0.V0.csproj", "{D0020AE2-1B12-405D-9458-17ECBDB7B3A8}"
EndProject
Project("{2150E333-8FDC-42A3-9474-1A3956D46DE8}") = "Task1", "Task1", "{253FE835-ACEB-4EFE-95D6-02D9A566C934}"
EndProject
Project("{FAE04EC0-301F-11D3-BF4B-00C04F79EFBC}") = "Tyuiu.FedorenkoKS.Sprint0Task1.V0", "Tyuiu.FedorenkoKS.Sprint0Task1.V0\Tyuiu.FedorenkoKS.Sprint0Task1.V0.csproj", "{7713A485-0B7C-451D-B9A3-3595F37775E6}"
EndProject
Project("{2150E333-8FDC-42A3-9474-1A3956D46DE8}") = "Task2", "Task2", "{E0AFFD31-E1BE-4554-B1C7-1E62236F2A20}"
EndProject
Project("{FAE04EC0-301F-11D3-BF4B-00C04F79EFBC}") = "Tyuiu.FedorenkoKS.Sprint0.Task2.V0", "Tyuiu.FedorenkoKS.Sprint0.Task2.V0\Tyuiu.FedorenkoKS.Sprint0.Task2.V0.csproj", "{3191B7F2-A1B8-4A3A-868F-C1C17893DFF9}"
EndProject
Project("{FAE04EC0-301F-11D3-BF4B-00C04F79EFBC}") = "Tyuiu.FedorenkoKS.Sprint0.Task2.V0.Lib", "Tyuiu.FedorenkoKS.Sprint0.Task2.V0.Lib\Tyuiu.FedorenkoKS.Sprint0.Task2.V0.Lib.csproj", "{B2CAF98A-5735-4DB4-8FB1-B3AD827D4235}"
EndProject
Project("{FAE04EC0-301F-11D3-BF4B-00C04F79EFBC}") = "Tyuiu.FedorenkoKS.Sprint0.Task2.V0.Test", "Tyuiu.FedorenkoKS.Sprint0.Task2.V0.Test\Tyuiu.FedorenkoKS.Sprint0.Task2.V0.Test.csproj", "{A63CE59D-FB38-49B2-8245-D75E52298BC2}"
EndProject
Project("{2150E333-8FDC-42A3-9474-1A3956D46DE8}") = "Task3", "Task3", "{AAAC4AF0-FA39-43B0-B759-E38D930DF790}"
EndProject
Project("{FAE04EC0-301F-11D3-BF4B-00C04F79EFBC}") = "Tyuiu.FedorenkoKS.Sprint0.Task3.V0", "Tyuiu.FedorenkoKS.Sprint0.Task3.V0\Tyuiu.FedorenkoKS.Sprint0.Task3.V0.csproj", "{67C69B77-6702-4CDA-8122-57D08A305121}"
EndProject
Project("{FAE04EC0-301F-11D3-BF4B-00C04F79EFBC}") = "Tyuiu.FedorenkoKS.Sprint0.Task3.V0.Test", "Tyuiu.FedorenkoKS.Sprint0.Task3.V0.Test\Tyuiu.FedorenkoKS.Sprint0.Task3.V0.Test.csproj", "{5E12B04B-7A7A-4D46-920A-08576B43CC8A}"
EndProject
Project("{FAE04EC0-301F-11D3-BF4B-00C04F79EFBC}") = "Tyuiu.FedorenkoKS.Sprint0.Task3.V0.Lib", "Tyuiu.FedorenkoKS.Sprint0.Task3.V0.Lib\Tyuiu.FedorenkoKS.Sprint0.Task3.V0.Lib.csproj", "{3BD768D3-34E3-4789-B4CA-5562B91B1AD7}"
EndProject
Global
	GlobalSection(SolutionConfigurationPlatforms) = preSolution
		Debug|Any CPU = Debug|Any CPU
		Release|Any CPU = Release|Any CPU
	EndGlobalSection
	GlobalSection(ProjectConfigurationPlatforms) = postSolution
		{D0020AE2-1B12-405D-9458-17ECBDB7B3A8}.Debug|Any CPU.ActiveCfg = Debug|Any CPU
		{D0020AE2-1B12-405D-9458-17ECBDB7B3A8}.Debug|Any CPU.Build.0 = Debug|Any CPU
		{D0020AE2-1B12-405D-9458-17ECBDB7B3A8}.Release|Any CPU.ActiveCfg = Release|Any CPU
		{D0020AE2-1B12-405D-9458-17ECBDB7B3A8}.Release|Any CPU.Build.0 = Release|Any CPU
		{7713A485-0B7C-451D-B9A3-3595F37775E6}.Debug|Any CPU.ActiveCfg = Debug|Any CPU
		{7713A485-0B7C-451D-B9A3-3595F37775E6}.Debug|Any CPU.Build.0 = Debug|Any CPU
		{7713A485-0B7C-451D-B9A3-3595F37775E6}.Release|Any CPU.ActiveCfg = Release|Any CPU
		{7713A485-0B7C-451D-B9A3-3595F37775E6}.Release|Any CPU.Build.0 = Release|Any CPU
		{3191B7F2-A1B8-4A3A-868F-C1C17893DFF9}.Debug|Any CPU.ActiveCfg = Debug|Any CPU
		{3191B7F2-A1B8-4A3A-868F-C1C17893DFF9}.Debug|Any CPU.Build.0 = Debug|Any CPU
		{3191B7F2-A1B8-4A3A-868F-C1C17893DFF9}.Release|Any CPU.ActiveCfg = Release|Any CPU
		{3191B7F2-A1B8-4A3A-868F-C1C17893DFF9}.Release|Any CPU.Build.0 = Release|Any CPU
		{B2CAF98A-5735-4DB4-8FB1-B3AD827D4235}.Debug|Any CPU.ActiveCfg = Debug|Any CPU
		{B2CAF98A-5735-4DB4-8FB1-B3AD827D4235}.Debug|Any CPU.Build.0 = Debug|Any CPU
		{B2CAF98A-5735-4DB4-8FB1-B3AD827D4235}.Release|Any CPU.ActiveCfg = Release|Any CPU
		{B2CAF98A-5735-4DB4-8FB1-B3AD827D4235}.Release|Any CPU.Build.0 = Release|Any CPU
		{A63CE59D-FB38-49B2-8245-D75E52298BC2}.Debug|Any CPU.ActiveCfg = Debug|Any CPU
		{A63CE59D-FB38-49B2-8245-D75E52298BC2}.Debug|Any CPU.Build.0 = Debug|Any CPU
		{A63CE59D-FB38-49B2-8245-D75E52298BC2}.Release|Any CPU.ActiveCfg = Release|Any CPU
		{A63CE59D-FB38-49B2-8245-D75E52298BC2}.Release|Any CPU.Build.0 = Release|Any CPU
		{67C69B77-6702-4CDA-8122-57D08A305121}.Debug|Any CPU.ActiveCfg = Debug|Any CPU
		{67C69B77-6702-4CDA-8122-57D08A305121}.Debug|Any CPU.Build.0 = Debug|Any CPU
		{67C69B77-6702-4CDA-8122-57D08A305121}.Release|Any CPU.ActiveCfg = Release|Any CPU
		{67C69B77-6702-4CDA-8122-57D08A305121}.Release|Any CPU.Build.0 = Release|Any CPU
		{5E12B04B-7A7A-4D46-920A-08576B43CC8A}.Debug|Any CPU.ActiveCfg = Debug|Any CPU
		{5E12B04B-7A7A-4D46-920A-08576B43CC8A}.Debug|Any CPU.Build.0 = Debug|Any CPU
		{5E12B04B-7A7A-4D46-920A-08576B43CC8A}.Release|Any CPU.ActiveCfg = Release|Any CPU
		{5E12B04B-7A7A-4D46-920A-08576B43CC8A}.Release|Any CPU.Build.0 = Release|Any CPU
		{3BD768D3-34E3-4789-B4CA-5562B91B1AD7}.Debug|Any CPU.ActiveCfg = Debug|Any CPU
		{3BD768D3-34E3-4789-B4CA-5562B91B1AD7}.Debug|Any CPU.Build.0 = Debug|Any CPU
		{3BD768D3-34E3-4789-B4CA-5562B91B1AD7}.Release|Any CPU.ActiveCfg = Release|Any CPU
		{3BD768D3-34E3-4789-B4CA-5562B91B1AD7}.Release|Any CPU.Build.0 = Release|Any CPU
	EndGlobalSection
	GlobalSection(SolutionProperties) = preSolution
		HideSolutionNode = FALSE
	EndGlobalSection
	GlobalSection(NestedProjects) = preSolution
		{D0020AE2-1B12-405D-9458-17ECBDB7B3A8} = {B12D2618-0BB5-4E2D-A9FC-07848C1AE305}
		{7713A485-0B7C-451D-B9A3-3595F37775E6} = {253FE835-ACEB-4EFE-95D6-02D9A566C934}
		{3191B7F2-A1B8-4A3A-868F-C1C17893DFF9} = {E0AFFD31-E1BE-4554-B1C7-1E62236F2A20}
		{B2CAF98A-5735-4DB4-8FB1-B3AD827D4235} = {E0AFFD31-E1BE-4554-B1C7-1E62236F2A20}
		{A63CE59D-FB38-49B2-8245-D75E52298BC2} = {E0AFFD31-E1BE-4554-B1C7-1E62236F2A20}
		{67C69B77-6702-4CDA-8122-57D08A305121} = {AAAC4AF0-FA39-43B0-B759-E38D930DF790}
		{5E12B04B-7A7A-4D46-920A-08576B43CC8A} = {AAAC4AF0-FA39-43B0-B759-E38D930DF790}
		{3BD768D3-34E3-4789-B4CA-5562B91B1AD7} = {AAAC4AF0-FA39-43B0-B759-E38D930DF790}
	EndGlobalSection
	GlobalSection(ExtensibilityGlobals) = postSolution
		SolutionGuid = {623FFA95-85EF-4180-80B2-9BF259A859BF}
	EndGlobalSection
EndGlobal
